
Microsoft Visual Studio Solution File, Format Version 12.00
# Visual Studio Version 16
VisualStudioVersion = 16.0.30621.155
MinimumVisualStudioVersion = 10.0.40219.1
Project("{2150E333-8FDC-42A3-9474-1A3956D46DE8}") = "src", "src", "{342470A7-A25E-41B6-85B9-6D4C6E0EDF40}"
EndProject
Project("{2150E333-8FDC-42A3-9474-1A3956D46DE8}") = "Building Blocks", "Building Blocks", "{F64742B6-0C4D-4DF2-B673-8BF9453B828E}"
EndProject
Project("{2150E333-8FDC-42A3-9474-1A3956D46DE8}") = "Services", "Services", "{C5CEEF5B-C761-4C4C-9D12-99C0E5C07CCB}"
EndProject
Project("{2150E333-8FDC-42A3-9474-1A3956D46DE8}") = "Web", "Web", "{F5B752EB-A569-4028-A3AD-2E88305AD99A}"
EndProject
Project("{2150E333-8FDC-42A3-9474-1A3956D46DE8}") = "Identidade", "Identidade", "{1671EB1E-75AE-4634-AE97-FF8871091D19}"
EndProject
Project("{9A19103F-16F7-4668-BE54-9A1E7A4F7556}") = "NSE.Identidade.API", "src\services\NSE.Identidade.API\NSE.Identidade.API.csproj", "{3403994B-2DFB-47C2-A6E5-40E84E6C5B64}"
EndProject
Project("{2150E333-8FDC-42A3-9474-1A3956D46DE8}") = "MVC", "MVC", "{F1173189-66E5-4D01-AD13-71D48003A0F0}"
EndProject
Project("{FAE04EC0-301F-11D3-BF4B-00C04F79EFBC}") = "NSE.WebApp.MVC", "src\web\NSE.WebApp.MVC\NSE.WebApp.MVC.csproj", "{FB34634A-AE6A-4499-957C-FED202209EBF}"
EndProject
Project("{2150E333-8FDC-42A3-9474-1A3956D46DE8}") = "Core", "Core", "{0A507D00-D9DD-4C82-9004-99D1F4560CEB}"
EndProject
Project("{FAE04EC0-301F-11D3-BF4B-00C04F79EFBC}") = "NSE.Core", "src\building blocks\NSE.Core\NSE.Core.csproj", "{81BC831D-2D95-492E-8414-7CD5703E6BCC}"
EndProject
Project("{2150E333-8FDC-42A3-9474-1A3956D46DE8}") = "Carrinho", "Carrinho", "{C196FFDC-EE43-4843-B284-FE6425FF3507}"
EndProject
Project("{2150E333-8FDC-42A3-9474-1A3956D46DE8}") = "Catalogo", "Catalogo", "{1768E457-EAE0-4958-9C30-6CF0A567A117}"
EndProject
Project("{2150E333-8FDC-42A3-9474-1A3956D46DE8}") = "Cliente", "Cliente", "{35A0571B-77D6-4F6C-BC8A-C7A4BA429301}"
EndProject
Project("{2150E333-8FDC-42A3-9474-1A3956D46DE8}") = "Pagamento", "Pagamento", "{8ADAF6E8-0EAC-4FBF-8957-6127884DA5D7}"
EndProject
Project("{2150E333-8FDC-42A3-9474-1A3956D46DE8}") = "Pedido", "Pedido", "{611C0D6B-118E-4EF1-9B18-4DD09E5F59B6}"
EndProject
Project("{FAE04EC0-301F-11D3-BF4B-00C04F79EFBC}") = "NSE.Carrinho.API", "src\services\NSE.Carrinho.API\NSE.Carrinho.API.csproj", "{F31DAD06-7929-489E-864B-CDEFCC53CFC0}"
EndProject
Project("{FAE04EC0-301F-11D3-BF4B-00C04F79EFBC}") = "NSE.Catalogo.API", "src\services\NSE.Catalogo.API\NSE.Catalogo.API.csproj", "{FE372F5B-3BDA-411E-8557-B15EF03E5A94}"
EndProject
Project("{FAE04EC0-301F-11D3-BF4B-00C04F79EFBC}") = "NSE.Cliente.API", "src\services\NSE.Cliente.API\NSE.Cliente.API.csproj", "{365A8CF7-1ED0-4231-9569-23EDA33BA83D}"
EndProject
Project("{FAE04EC0-301F-11D3-BF4B-00C04F79EFBC}") = "NSE.Pagamento.API", "src\services\NSE.Pagamento.API\NSE.Pagamento.API.csproj", "{5305060A-3692-4F71-9E9E-9F2501DFC775}"
EndProject
Project("{FAE04EC0-301F-11D3-BF4B-00C04F79EFBC}") = "NSE.Pedido.API", "src\services\NSE.Pedido.API\NSE.Pedido.API.csproj", "{2A41F6D3-72F5-4978-A17C-83164D8E0045}"
EndProject
Global
	GlobalSection(SolutionConfigurationPlatforms) = preSolution
		Debug|Any CPU = Debug|Any CPU
		Release|Any CPU = Release|Any CPU
	EndGlobalSection
	GlobalSection(ProjectConfigurationPlatforms) = postSolution
		{3403994B-2DFB-47C2-A6E5-40E84E6C5B64}.Debug|Any CPU.ActiveCfg = Debug|Any CPU
		{3403994B-2DFB-47C2-A6E5-40E84E6C5B64}.Debug|Any CPU.Build.0 = Debug|Any CPU
		{3403994B-2DFB-47C2-A6E5-40E84E6C5B64}.Release|Any CPU.ActiveCfg = Release|Any CPU
		{3403994B-2DFB-47C2-A6E5-40E84E6C5B64}.Release|Any CPU.Build.0 = Release|Any CPU
		{FB34634A-AE6A-4499-957C-FED202209EBF}.Debug|Any CPU.ActiveCfg = Debug|Any CPU
		{FB34634A-AE6A-4499-957C-FED202209EBF}.Debug|Any CPU.Build.0 = Debug|Any CPU
		{FB34634A-AE6A-4499-957C-FED202209EBF}.Release|Any CPU.ActiveCfg = Release|Any CPU
		{FB34634A-AE6A-4499-957C-FED202209EBF}.Release|Any CPU.Build.0 = Release|Any CPU
		{81BC831D-2D95-492E-8414-7CD5703E6BCC}.Debug|Any CPU.ActiveCfg = Debug|Any CPU
		{81BC831D-2D95-492E-8414-7CD5703E6BCC}.Debug|Any CPU.Build.0 = Debug|Any CPU
		{81BC831D-2D95-492E-8414-7CD5703E6BCC}.Release|Any CPU.ActiveCfg = Release|Any CPU
		{81BC831D-2D95-492E-8414-7CD5703E6BCC}.Release|Any CPU.Build.0 = Release|Any CPU
		{F31DAD06-7929-489E-864B-CDEFCC53CFC0}.Debug|Any CPU.ActiveCfg = Debug|Any CPU
		{F31DAD06-7929-489E-864B-CDEFCC53CFC0}.Debug|Any CPU.Build.0 = Debug|Any CPU
		{F31DAD06-7929-489E-864B-CDEFCC53CFC0}.Release|Any CPU.ActiveCfg = Release|Any CPU
		{F31DAD06-7929-489E-864B-CDEFCC53CFC0}.Release|Any CPU.Build.0 = Release|Any CPU
		{FE372F5B-3BDA-411E-8557-B15EF03E5A94}.Debug|Any CPU.ActiveCfg = Debug|Any CPU
		{FE372F5B-3BDA-411E-8557-B15EF03E5A94}.Debug|Any CPU.Build.0 = Debug|Any CPU
		{FE372F5B-3BDA-411E-8557-B15EF03E5A94}.Release|Any CPU.ActiveCfg = Release|Any CPU
		{FE372F5B-3BDA-411E-8557-B15EF03E5A94}.Release|Any CPU.Build.0 = Release|Any CPU
		{365A8CF7-1ED0-4231-9569-23EDA33BA83D}.Debug|Any CPU.ActiveCfg = Debug|Any CPU
		{365A8CF7-1ED0-4231-9569-23EDA33BA83D}.Debug|Any CPU.Build.0 = Debug|Any CPU
		{365A8CF7-1ED0-4231-9569-23EDA33BA83D}.Release|Any CPU.ActiveCfg = Release|Any CPU
		{365A8CF7-1ED0-4231-9569-23EDA33BA83D}.Release|Any CPU.Build.0 = Release|Any CPU
		{5305060A-3692-4F71-9E9E-9F2501DFC775}.Debug|Any CPU.ActiveCfg = Debug|Any CPU
		{5305060A-3692-4F71-9E9E-9F2501DFC775}.Debug|Any CPU.Build.0 = Debug|Any CPU
		{5305060A-3692-4F71-9E9E-9F2501DFC775}.Release|Any CPU.ActiveCfg = Release|Any CPU
		{5305060A-3692-4F71-9E9E-9F2501DFC775}.Release|Any CPU.Build.0 = Release|Any CPU
		{2A41F6D3-72F5-4978-A17C-83164D8E0045}.Debug|Any CPU.ActiveCfg = Debug|Any CPU
		{2A41F6D3-72F5-4978-A17C-83164D8E0045}.Debug|Any CPU.Build.0 = Debug|Any CPU
		{2A41F6D3-72F5-4978-A17C-83164D8E0045}.Release|Any CPU.ActiveCfg = Release|Any CPU
		{2A41F6D3-72F5-4978-A17C-83164D8E0045}.Release|Any CPU.Build.0 = Release|Any CPU
	EndGlobalSection
	GlobalSection(SolutionProperties) = preSolution
		HideSolutionNode = FALSE
	EndGlobalSection
	GlobalSection(NestedProjects) = preSolution
		{F64742B6-0C4D-4DF2-B673-8BF9453B828E} = {342470A7-A25E-41B6-85B9-6D4C6E0EDF40}
		{C5CEEF5B-C761-4C4C-9D12-99C0E5C07CCB} = {342470A7-A25E-41B6-85B9-6D4C6E0EDF40}
		{F5B752EB-A569-4028-A3AD-2E88305AD99A} = {342470A7-A25E-41B6-85B9-6D4C6E0EDF40}
		{1671EB1E-75AE-4634-AE97-FF8871091D19} = {C5CEEF5B-C761-4C4C-9D12-99C0E5C07CCB}
		{3403994B-2DFB-47C2-A6E5-40E84E6C5B64} = {1671EB1E-75AE-4634-AE97-FF8871091D19}
		{F1173189-66E5-4D01-AD13-71D48003A0F0} = {F5B752EB-A569-4028-A3AD-2E88305AD99A}
		{FB34634A-AE6A-4499-957C-FED202209EBF} = {F1173189-66E5-4D01-AD13-71D48003A0F0}
		{0A507D00-D9DD-4C82-9004-99D1F4560CEB} = {F64742B6-0C4D-4DF2-B673-8BF9453B828E}
		{81BC831D-2D95-492E-8414-7CD5703E6BCC} = {0A507D00-D9DD-4C82-9004-99D1F4560CEB}
		{C196FFDC-EE43-4843-B284-FE6425FF3507} = {C5CEEF5B-C761-4C4C-9D12-99C0E5C07CCB}
		{1768E457-EAE0-4958-9C30-6CF0A567A117} = {C5CEEF5B-C761-4C4C-9D12-99C0E5C07CCB}
		{35A0571B-77D6-4F6C-BC8A-C7A4BA429301} = {C5CEEF5B-C761-4C4C-9D12-99C0E5C07CCB}
		{8ADAF6E8-0EAC-4FBF-8957-6127884DA5D7} = {C5CEEF5B-C761-4C4C-9D12-99C0E5C07CCB}
		{611C0D6B-118E-4EF1-9B18-4DD09E5F59B6} = {C5CEEF5B-C761-4C4C-9D12-99C0E5C07CCB}
		{F31DAD06-7929-489E-864B-CDEFCC53CFC0} = {C196FFDC-EE43-4843-B284-FE6425FF3507}
		{FE372F5B-3BDA-411E-8557-B15EF03E5A94} = {1768E457-EAE0-4958-9C30-6CF0A567A117}
		{365A8CF7-1ED0-4231-9569-23EDA33BA83D} = {35A0571B-77D6-4F6C-BC8A-C7A4BA429301}
		{5305060A-3692-4F71-9E9E-9F2501DFC775} = {8ADAF6E8-0EAC-4FBF-8957-6127884DA5D7}
		{2A41F6D3-72F5-4978-A17C-83164D8E0045} = {611C0D6B-118E-4EF1-9B18-4DD09E5F59B6}
	EndGlobalSection
	GlobalSection(ExtensibilityGlobals) = postSolution
		SolutionGuid = {6D14D740-A1F6-4C21-A3CC-D06F6E75BE5F}
	EndGlobalSection
EndGlobal
